
Microsoft Visual Studio Solution File, Format Version 12.00
# Visual Studio Version 16
VisualStudioVersion = 16.0.29230.47
MinimumVisualStudioVersion = 10.0.40219.1
Project("{FAE04EC0-301F-11D3-BF4B-00C04F79EFBC}") = "TPGithub", "TPGithub\TPGithub.csproj", "{9F37C16D-4897-44CE-8065-AB19C4B42BFC}"
EndProject
Global
	GlobalSection(SolutionConfigurationPlatforms) = preSolution
		Debug|Any CPU = Debug|Any CPU
		Release|Any CPU = Release|Any CPU
	EndGlobalSection
	GlobalSection(ProjectConfigurationPlatforms) = postSolution
		{9F37C16D-4897-44CE-8065-AB19C4B42BFC}.Debug|Any CPU.ActiveCfg = Debug|Any CPU
		{9F37C16D-4897-44CE-8065-AB19C4B42BFC}.Debug|Any CPU.Build.0 = Debug|Any CPU
		{9F37C16D-4897-44CE-8065-AB19C4B42BFC}.Release|Any CPU.ActiveCfg = Release|Any CPU
		{9F37C16D-4897-44CE-8065-AB19C4B42BFC}.Release|Any CPU.Build.0 = Release|Any CPU
	EndGlobalSection
	GlobalSection(SolutionProperties) = preSolution
		HideSolutionNode = FALSE
	EndGlobalSection
	GlobalSection(ExtensibilityGlobals) = postSolution
		SolutionGuid = {AE3B453E-7484-480B-82D8-CFCB87452139}
	EndGlobalSection
EndGlobal
